
Microsoft Visual Studio Solution File, Format Version 12.00
# Visual Studio Version 17
VisualStudioVersion = 17.11.35312.102
MinimumVisualStudioVersion = 10.0.40219.1
Project("{2150E333-8FDC-42A3-9474-1A3956D46DE8}") = "Tyuiu.congIS.Sprint0.Task0.V0", "Tyuiu.congIS.Sprint0.Task0.V0", "{F5A7F65A-DFAE-49BB-8DC2-8DDEAF02D4E5}"
EndProject
Global
	GlobalSection(SolutionProperties) = preSolution
		HideSolutionNode = FALSE
	EndGlobalSection
	GlobalSection(ExtensibilityGlobals) = postSolution
		SolutionGuid = {6504A8BA-7834-4A72-8139-8C80944FD141}
	EndGlobalSection
EndGlobal
